Microsoft Visual Studio Solution File, Format Version 10.00
# Visual Studio 2008
Project("{FAE04EC0-301F-11D3-BF4B-00C04F79EFBC}") = "ETH.Zonnon", "Compiler\ETH.Zonnon.csproj", "{BF9B97DC-5D86-4043-977A-CB5B8E3BCE3C}"
	ProjectSection(ProjectDependencies) = postProject
		{C9B31FDE-EE7E-4B46-8BE3-63F384B5F760} = {C9B31FDE-EE7E-4B46-8BE3-63F384B5F760}
	EndProjectSection
EndProject
Project("{FAE04EC0-301F-11D3-BF4B-00C04F79EFBC}") = "Zonnon.RTL", "Zonnon.RTL\Zonnon.RTL.csproj", "{C9B31FDE-EE7E-4B46-8BE3-63F384B5F760}"
EndProject
Project("{FAE04EC0-301F-11D3-BF4B-00C04F79EFBC}") = "ETH.Zonnon.CommandLineCompiler", "CommandLine\ETH.Zonnon.CommandLineCompiler.csproj", "{D73B1E04-8031-4E60-A65F-521DCEAB30A0}"
	ProjectSection(ProjectDependencies) = postProject
		{C9B31FDE-EE7E-4B46-8BE3-63F384B5F760} = {C9B31FDE-EE7E-4B46-8BE3-63F384B5F760}
	EndProjectSection
EndProject
Project("{FAE04EC0-301F-11D3-BF4B-00C04F79EFBC}") = "Tester", "Tester\Tester.csproj", "{7A4156FE-752B-4207-9DD2-9AC030D0117B}"
EndProject
Global
	GlobalSection(SolutionConfigurationPlatforms) = preSolution
		2008Debug|Any CPU = 2008Debug|Any CPU
		2008Debug|Mixed Platforms = 2008Debug|Mixed Platforms
		2008Debug|Win32 = 2008Debug|Win32
		2008Release|Any CPU = 2008Release|Any CPU
		2008Release|Mixed Platforms = 2008Release|Mixed Platforms
		2008Release|Win32 = 2008Release|Win32
		ROTORdebug|Any CPU = ROTORdebug|Any CPU
		ROTORdebug|Mixed Platforms = ROTORdebug|Mixed Platforms
		ROTORdebug|Win32 = ROTORdebug|Win32
		ROTORrelease|Any CPU = ROTORrelease|Any CPU
		ROTORrelease|Mixed Platforms = ROTORrelease|Mixed Platforms
		ROTORrelease|Win32 = ROTORrelease|Win32
	EndGlobalSection
	GlobalSection(ProjectConfigurationPlatforms) = postSolution
		{BF9B97DC-5D86-4043-977A-CB5B8E3BCE3C}.2008Debug|Any CPU.ActiveCfg = 2008Debug|Any CPU
		{BF9B97DC-5D86-4043-977A-CB5B8E3BCE3C}.2008Debug|Any CPU.Build.0 = 2008Debug|Any CPU
		{BF9B97DC-5D86-4043-977A-CB5B8E3BCE3C}.2008Debug|Mixed Platforms.ActiveCfg = 2008Debug|Any CPU
		{BF9B97DC-5D86-4043-977A-CB5B8E3BCE3C}.2008Debug|Mixed Platforms.Build.0 = 2008Debug|Any CPU
		{BF9B97DC-5D86-4043-977A-CB5B8E3BCE3C}.2008Debug|Win32.ActiveCfg = 2008Debug|Any CPU
		{BF9B97DC-5D86-4043-977A-CB5B8E3BCE3C}.2008Release|Any CPU.ActiveCfg = 2008Release|Any CPU
		{BF9B97DC-5D86-4043-977A-CB5B8E3BCE3C}.2008Release|Any CPU.Build.0 = 2008Release|Any CPU
		{BF9B97DC-5D86-4043-977A-CB5B8E3BCE3C}.2008Release|Mixed Platforms.ActiveCfg = 2008Release|Any CPU
		{BF9B97DC-5D86-4043-977A-CB5B8E3BCE3C}.2008Release|Mixed Platforms.Build.0 = 2008Release|Any CPU
		{BF9B97DC-5D86-4043-977A-CB5B8E3BCE3C}.2008Release|Win32.ActiveCfg = 2008Release|Any CPU
		{BF9B97DC-5D86-4043-977A-CB5B8E3BCE3C}.ROTORdebug|Any CPU.ActiveCfg = ROTORdebug|Any CPU
		{BF9B97DC-5D86-4043-977A-CB5B8E3BCE3C}.ROTORdebug|Any CPU.Build.0 = ROTORdebug|Any CPU
		{BF9B97DC-5D86-4043-977A-CB5B8E3BCE3C}.ROTORdebug|Mixed Platforms.ActiveCfg = ROTORdebug|Any CPU
		{BF9B97DC-5D86-4043-977A-CB5B8E3BCE3C}.ROTORdebug|Mixed Platforms.Build.0 = ROTORdebug|Any CPU
		{BF9B97DC-5D86-4043-977A-CB5B8E3BCE3C}.ROTORdebug|Win32.ActiveCfg = ROTORdebug|Any CPU
		{BF9B97DC-5D86-4043-977A-CB5B8E3BCE3C}.ROTORrelease|Any CPU.ActiveCfg = ROTORrelease|Any CPU
		{BF9B97DC-5D86-4043-977A-CB5B8E3BCE3C}.ROTORrelease|Any CPU.Build.0 = ROTORrelease|Any CPU
		{BF9B97DC-5D86-4043-977A-CB5B8E3BCE3C}.ROTORrelease|Mixed Platforms.ActiveCfg = ROTORrelease|Any CPU
		{BF9B97DC-5D86-4043-977A-CB5B8E3BCE3C}.ROTORrelease|Mixed Platforms.Build.0 = ROTORrelease|Any CPU
		{BF9B97DC-5D86-4043-977A-CB5B8E3BCE3C}.ROTORrelease|Win32.ActiveCfg = ROTORrelease|Any CPU
		{C9B31FDE-EE7E-4B46-8BE3-63F384B5F760}.2008Debug|Any CPU.ActiveCfg = 2008Debug|Any CPU
		{C9B31FDE-EE7E-4B46-8BE3-63F384B5F760}.2008Debug|Any CPU.Build.0 = 2008Debug|Any CPU
		{C9B31FDE-EE7E-4B46-8BE3-63F384B5F760}.2008Debug|Mixed Platforms.ActiveCfg = 2008Debug|Any CPU
		{C9B31FDE-EE7E-4B46-8BE3-63F384B5F760}.2008Debug|Mixed Platforms.Build.0 = 2008Debug|Any CPU
		{C9B31FDE-EE7E-4B46-8BE3-63F384B5F760}.2008Debug|Win32.ActiveCfg = 2008Debug|Any CPU
		{C9B31FDE-EE7E-4B46-8BE3-63F384B5F760}.2008Release|Any CPU.ActiveCfg = 2008Release|Any CPU
		{C9B31FDE-EE7E-4B46-8BE3-63F384B5F760}.2008Release|Any CPU.Build.0 = 2008Release|Any CPU
		{C9B31FDE-EE7E-4B46-8BE3-63F384B5F760}.2008Release|Mixed Platforms.ActiveCfg = 2008Release|Any CPU
		{C9B31FDE-EE7E-4B46-8BE3-63F384B5F760}.2008Release|Mixed Platforms.Build.0 = 2008Release|Any CPU
		{C9B31FDE-EE7E-4B46-8BE3-63F384B5F760}.2008Release|Win32.ActiveCfg = 2008Release|Any CPU
		{C9B31FDE-EE7E-4B46-8BE3-63F384B5F760}.ROTORdebug|Any CPU.ActiveCfg = ROTORdebug|Any CPU
		{C9B31FDE-EE7E-4B46-8BE3-63F384B5F760}.ROTORdebug|Any CPU.Build.0 = ROTORdebug|Any CPU
		{C9B31FDE-EE7E-4B46-8BE3-63F384B5F760}.ROTORdebug|Mixed Platforms.ActiveCfg = ROTORdebug|Any CPU
		{C9B31FDE-EE7E-4B46-8BE3-63F384B5F760}.ROTORdebug|Mixed Platforms.Build.0 = ROTORdebug|Any CPU
		{C9B31FDE-EE7E-4B46-8BE3-63F384B5F760}.ROTORdebug|Win32.ActiveCfg = ROTORdebug|Any CPU
		{C9B31FDE-EE7E-4B46-8BE3-63F384B5F760}.ROTORrelease|Any CPU.ActiveCfg = ROTORrelease|Any CPU
		{C9B31FDE-EE7E-4B46-8BE3-63F384B5F760}.ROTORrelease|Any CPU.Build.0 = ROTORrelease|Any CPU
		{C9B31FDE-EE7E-4B46-8BE3-63F384B5F760}.ROTORrelease|Mixed Platforms.ActiveCfg = ROTORrelease|Any CPU
		{C9B31FDE-EE7E-4B46-8BE3-63F384B5F760}.ROTORrelease|Mixed Platforms.Build.0 = ROTORrelease|Any CPU
		{C9B31FDE-EE7E-4B46-8BE3-63F384B5F760}.ROTORrelease|Win32.ActiveCfg = ROTORrelease|Any CPU
		{D73B1E04-8031-4E60-A65F-521DCEAB30A0}.2008Debug|Any CPU.ActiveCfg = 2008Debug|Any CPU
		{D73B1E04-8031-4E60-A65F-521DCEAB30A0}.2008Debug|Any CPU.Build.0 = 2008Debug|Any CPU
		{D73B1E04-8031-4E60-A65F-521DCEAB30A0}.2008Debug|Mixed Platforms.ActiveCfg = 2008Debug|Any CPU
		{D73B1E04-8031-4E60-A65F-521DCEAB30A0}.2008Debug|Mixed Platforms.Build.0 = 2008Debug|Any CPU
		{D73B1E04-8031-4E60-A65F-521DCEAB30A0}.2008Debug|Win32.ActiveCfg = 2008Debug|Any CPU
		{D73B1E04-8031-4E60-A65F-521DCEAB30A0}.2008Release|Any CPU.ActiveCfg = 2008Release|Any CPU
		{D73B1E04-8031-4E60-A65F-521DCEAB30A0}.2008Release|Any CPU.Build.0 = 2008Release|Any CPU
		{D73B1E04-8031-4E60-A65F-521DCEAB30A0}.2008Release|Mixed Platforms.ActiveCfg = 2008Release|Any CPU
		{D73B1E04-8031-4E60-A65F-521DCEAB30A0}.2008Release|Mixed Platforms.Build.0 = 2008Release|Any CPU
		{D73B1E04-8031-4E60-A65F-521DCEAB30A0}.2008Release|Win32.ActiveCfg = 2008Release|Any CPU
		{D73B1E04-8031-4E60-A65F-521DCEAB30A0}.ROTORdebug|Any CPU.ActiveCfg = ROTORdebug|Any CPU
		{D73B1E04-8031-4E60-A65F-521DCEAB30A0}.ROTORdebug|Any CPU.Build.0 = ROTORdebug|Any CPU
		{D73B1E04-8031-4E60-A65F-521DCEAB30A0}.ROTORdebug|Mixed Platforms.ActiveCfg = ROTORdebug|Any CPU
		{D73B1E04-8031-4E60-A65F-521DCEAB30A0}.ROTORdebug|Mixed Platforms.Build.0 = ROTORdebug|Any CPU
		{D73B1E04-8031-4E60-A65F-521DCEAB30A0}.ROTORdebug|Win32.ActiveCfg = ROTORdebug|Any CPU
		{D73B1E04-8031-4E60-A65F-521DCEAB30A0}.ROTORrelease|Any CPU.ActiveCfg = ROTORrelease|Any CPU
		{D73B1E04-8031-4E60-A65F-521DCEAB30A0}.ROTORrelease|Any CPU.Build.0 = ROTORrelease|Any CPU
		{D73B1E04-8031-4E60-A65F-521DCEAB30A0}.ROTORrelease|Mixed Platforms.ActiveCfg = ROTORrelease|Any CPU
		{D73B1E04-8031-4E60-A65F-521DCEAB30A0}.ROTORrelease|Mixed Platforms.Build.0 = ROTORrelease|Any CPU
		{D73B1E04-8031-4E60-A65F-521DCEAB30A0}.ROTORrelease|Win32.ActiveCfg = ROTORrelease|Any CPU
		{7A4156FE-752B-4207-9DD2-9AC030D0117B}.2008Debug|Any CPU.ActiveCfg = 2008Debug|Any CPU
		{7A4156FE-752B-4207-9DD2-9AC030D0117B}.2008Debug|Any CPU.Build.0 = 2008Debug|Any CPU
		{7A4156FE-752B-4207-9DD2-9AC030D0117B}.2008Debug|Mixed Platforms.ActiveCfg = 2008Debug|Any CPU
		{7A4156FE-752B-4207-9DD2-9AC030D0117B}.2008Debug|Mixed Platforms.Build.0 = 2008Debug|Any CPU
		{7A4156FE-752B-4207-9DD2-9AC030D0117B}.2008Debug|Win32.ActiveCfg = 2008Debug|Any CPU
		{7A4156FE-752B-4207-9DD2-9AC030D0117B}.2008Release|Any CPU.ActiveCfg = 2008Release|Any CPU
		{7A4156FE-752B-4207-9DD2-9AC030D0117B}.2008Release|Any CPU.Build.0 = 2008Release|Any CPU
		{7A4156FE-752B-4207-9DD2-9AC030D0117B}.2008Release|Mixed Platforms.ActiveCfg = 2008Release|Any CPU
		{7A4156FE-752B-4207-9DD2-9AC030D0117B}.2008Release|Mixed Platforms.Build.0 = 2008Release|Any CPU
		{7A4156FE-752B-4207-9DD2-9AC030D0117B}.2008Release|Win32.ActiveCfg = 2008Release|Any CPU
		{7A4156FE-752B-4207-9DD2-9AC030D0117B}.ROTORdebug|Any CPU.ActiveCfg = ROTORdebug|Any CPU
		{7A4156FE-752B-4207-9DD2-9AC030D0117B}.ROTORdebug|Any CPU.Build.0 = ROTORdebug|Any CPU
		{7A4156FE-752B-4207-9DD2-9AC030D0117B}.ROTORdebug|Mixed Platforms.ActiveCfg = ROTORdebug|Any CPU
		{7A4156FE-752B-4207-9DD2-9AC030D0117B}.ROTORdebug|Mixed Platforms.Build.0 = ROTORdebug|Any CPU
		{7A4156FE-752B-4207-9DD2-9AC030D0117B}.ROTORdebug|Win32.ActiveCfg = ROTORdebug|Any CPU
		{7A4156FE-752B-4207-9DD2-9AC030D0117B}.ROTORrelease|Any CPU.ActiveCfg = ROTORrelease|Any CPU
		{7A4156FE-752B-4207-9DD2-9AC030D0117B}.ROTORrelease|Any CPU.Build.0 = ROTORrelease|Any CPU
		{7A4156FE-752B-4207-9DD2-9AC030D0117B}.ROTORrelease|Mixed Platforms.ActiveCfg = ROTORrelease|Any CPU
		{7A4156FE-752B-4207-9DD2-9AC030D0117B}.ROTORrelease|Mixed Platforms.Build.0 = ROTORrelease|Any CPU
		{7A4156FE-752B-4207-9DD2-9AC030D0117B}.ROTORrelease|Win32.ActiveCfg = ROTORrelease|Any CPU
	EndGlobalSection
	GlobalSection(SolutionProperties) = preSolution
		HideSolutionNode = FALSE
	EndGlobalSection
EndGlobal
